<?xml version="1.0" encoding="utf-8"?>
<Project ToolsVersion="4.0" xmlns="http://schemas.microsoft.com/developer/msbuild/2003">
  <ItemGroup>
    <ClCompile Include="main.cpp" />
    <ClCompile Include="CSVCheckerAndUpdater.cpp" />
    <ClCompile Include="CSVRead.cpp" />
    <ClCompile Include="Converter.cpp" />
    <ClCompile Include="JsonToDS.cpp" />
  </ItemGroup>
  <ItemGroup>
    <ClInclude Include="include\CSVCheckerAndUpdater.h" />
    <ClInclude Include="include\Converter.h" />
  </ItemGroup>
</Project>